Microsoft Visual Studio Solution File, Format Version 12.00
# Visual Studio Version 17
VisualStudioVersion = 17.0.31903.59
MinimumVisualStudioVersion = 10.0.40219.1
Project("{8BC9CEB8-8B4A-11D0-8D11-00A0C91BC942}") = "RegistryValuesVS2022", "RegistryValuesVS2022\RegistryValuesVS2022.vcxproj", "{7B6A3B12-5C7F-4C19-A1E0-3E6E1A2F8C6D}"
EndProject
Global
	GlobalSection(SolutionConfigurationPlatforms) = preSolution
		Debug|x64 = Debug|x64
		Debug|x86 = Debug|x86
		Release|x64 = Release|x64
		Release|x86 = Release|x86
	EndGlobalSection
	GlobalSection(ProjectConfigurationPlatforms) = postSolution
		{7B6A3B12-5C7F-4C19-A1E0-3E6E1A2F8C6D}.Debug|x64.ActiveCfg = Debug|x64
		{7B6A3B12-5C7F-4C19-A1E0-3E6E1A2F8C6D}.Debug|x64.Build.0 = Debug|x64
		{7B6A3B12-5C7F-4C19-A1E0-3E6E1A2F8C6D}.Debug|x86.ActiveCfg = Debug|Win32
		{7B6A3B12-5C7F-4C19-A1E0-3E6E1A2F8C6D}.Debug|x86.Build.0 = Debug|Win32
		{7B6A3B12-5C7F-4C19-A1E0-3E6E1A2F8C6D}.Release|x64.ActiveCfg = Release|x64
		{7B6A3B12-5C7F-4C19-A1E0-3E6E1A2F8C6D}.Release|x64.Build.0 = Release|x64
		{7B6A3B12-5C7F-4C19-A1E0-3E6E1A2F8C6D}.Release|x86.ActiveCfg = Release|Win32
		{7B6A3B12-5C7F-4C19-A1E0-3E6E1A2F8C6D}.Release|x86.Build.0 = Release|Win32
	EndGlobalSection
	GlobalSection(SolutionProperties) = preSolution
		HideSolutionNode = FALSE
	EndGlobalSection
	GlobalSection(ExtensibilityGlobals) = postSolution
		SolutionGuid = {A4692AFA-31E5-4D5A-AD31-8AB0EAF02A5A}
	EndGlobalSection
EndGlobal